
Microsoft Visual Studio Solution File, Format Version 12.00
# Visual Studio Version 16
VisualStudioVersion = 16.0.30804.86
MinimumVisualStudioVersion = 10.0.40219.1
Project("{9A19103F-16F7-4668-BE54-9A1E7A4F7556}") = "PrimeNumber", "PrimeNumber\PrimeNumber.csproj", "{4D5B38F2-DF38-4DCB-BD84-9E82854D61EA}"
EndProject
Project("{FAE04EC0-301F-11D3-BF4B-00C04F79EFBC}") = "PrimeTest", "PrimeTest\PrimeTest.csproj", "{63DF681C-3022-48C3-8C57-02034B595793}"
	ProjectSection(ProjectDependencies) = postProject
		{4D5B38F2-DF38-4DCB-BD84-9E82854D61EA} = {4D5B38F2-DF38-4DCB-BD84-9E82854D61EA}
	EndProjectSection
EndProject
Global
	GlobalSection(SolutionConfigurationPlatforms) = preSolution
		Debug|Any CPU = Debug|Any CPU
		Release|Any CPU = Release|Any CPU
	EndGlobalSection
	GlobalSection(ProjectConfigurationPlatforms) = postSolution
		{4D5B38F2-DF38-4DCB-BD84-9E82854D61EA}.Debug|Any CPU.ActiveCfg = Debug|Any CPU
		{4D5B38F2-DF38-4DCB-BD84-9E82854D61EA}.Debug|Any CPU.Build.0 = Debug|Any CPU
		{4D5B38F2-DF38-4DCB-BD84-9E82854D61EA}.Release|Any CPU.ActiveCfg = Release|Any CPU
		{4D5B38F2-DF38-4DCB-BD84-9E82854D61EA}.Release|Any CPU.Build.0 = Release|Any CPU
		{63DF681C-3022-48C3-8C57-02034B595793}.Debug|Any CPU.ActiveCfg = Debug|Any CPU
		{63DF681C-3022-48C3-8C57-02034B595793}.Debug|Any CPU.Build.0 = Debug|Any CPU
		{63DF681C-3022-48C3-8C57-02034B595793}.Release|Any CPU.ActiveCfg = Release|Any CPU
		{63DF681C-3022-48C3-8C57-02034B595793}.Release|Any CPU.Build.0 = Release|Any CPU
	EndGlobalSection
	GlobalSection(SolutionProperties) = preSolution
		HideSolutionNode = FALSE
	EndGlobalSection
	GlobalSection(ExtensibilityGlobals) = postSolution
		SolutionGuid = {270B5AD4-383A-456C-A2E2-5E8B350B7CA1}
	EndGlobalSection
EndGlobal
